// !$*UTF8*$!
{
	archiveVersion = 1;
	classes = {
	};
	objectVersion = 46;
	objects = {

/* Begin PBXBuildFile section */
		24271A1D1B34BC0A002B071E /* AppDelegate.swift in Sources */ = {isa = PBXBuildFile; fileRef = 24271A1C1B34BC0A002B071E /* AppDelegate.swift */; };
		24271A1F1B34BC0A002B071E /* Images.xcassets in Resources */ = {isa = PBXBuildFile; fileRef = 24271A1E1B34BC0A002B071E /* Images.xcassets */; };
		24271A221B34BC0A002B071E /* MainMenu.xib in Resources */ = {isa = PBXBuildFile; fileRef = 24271A201B34BC0A002B071E /* MainMenu.xib */; };
		24271A391B34BC58002B071E /* MainWindowController.swift in Sources */ = {isa = PBXBuildFile; fileRef = 24271A371B34BC58002B071E /* MainWindowController.swift */; };
		24271A3A1B34BC58002B071E /* MainWindowController.xib in Resources */ = {isa = PBXBuildFile; fileRef = 24271A381B34BC58002B071E /* MainWindowController.xib */; };
		24271A401B34BEE8002B071E /* Pattern.swift in Sources */ = {isa = PBXBuildFile; fileRef = 24271A3F1B34BEE8002B071E /* Pattern.swift */; };
		24271A451B34F19F002B071E /* Delaunay.swift in Sources */ = {isa = PBXBuildFile; fileRef = 24271A411B34F19F002B071E /* Delaunay.swift */; };
		24271A471B34F19F002B071E /* NSColor+Hex.swift in Sources */ = {isa = PBXBuildFile; fileRef = 24271A431B34F19F002B071E /* NSColor+Hex.swift */; };
		24271A481B34F19F002B071E /* NSPoint+Calculations.swift in Sources */ = {isa = PBXBuildFile; fileRef = 24271A441B34F19F002B071E /* NSPoint+Calculations.swift */; };
		245493C21B373E58008E5DA4 /* Palette.swift in Sources */ = {isa = PBXBuildFile; fileRef = 245493C11B373E58008E5DA4 /* Palette.swift */; };
/* End PBXBuildFile section */

/* Begin PBXFileReference section */
		24271A171B34BC0A002B071E /* Triangulator.app */ = {isa = PBXFileReference; explicitFileType = wrapper.application; includeInIndex = 0; path = Triangulator.app; sourceTree = BUILT_PRODUCTS_DIR; };
		24271A1B1B34BC0A002B071E /* Info.plist */ = {isa = PBXFileReference; lastKnownFileType = text.plist.xml; path = Info.plist; sourceTree = "<group>"; };
		24271A1C1B34BC0A002B071E /* AppDelegate.swift */ = {isa = PBXFileReference; lastKnownFileType = sourcecode.swift; lineEnding = 0; path = AppDelegate.swift; sourceTree = "<group>"; xcLanguageSpecificationIdentifier = xcode.lang.swift; };
		24271A1E1B34BC0A002B071E /* Images.xcassets */ = {isa = PBXFileReference; lastKnownFileType = folder.assetcatalog; path = Images.xcassets; sourceTree = "<group>"; };
		24271A211B34BC0A002B071E /* Base */ = {isa = PBXFileReference; lastKnownFileType = file.xib; name = Base; path = Base.lproj/MainMenu.xib; sourceTree = "<group>"; };
		24271A371B34BC58002B071E /* MainWindowController.swift */ = {isa = PBXFileReference; fileEncoding = 4; lastKnownFileType = sourcecode.swift; lineEnding = 0; path = MainWindowController.swift; sourceTree = "<group>"; xcLanguageSpecificationIdentifier = xcode.lang.swift; };
		24271A381B34BC58002B071E /* MainWindowController.xib */ = {isa = PBXFileReference; fileEncoding = 4; lastKnownFileType = file.xib; path = MainWindowController.xib; sourceTree = "<group>"; };
		24271A3F1B34BEE8002B071E /* Pattern.swift */ = {isa = PBXFileReference; fileEncoding = 4; lastKnownFileType = sourcecode.swift; lineEnding = 0; path = Pattern.swift; sourceTree = "<group>"; xcLanguageSpecificationIdentifier = xcode.lang.swift; };
		24271A411B34F19F002B071E /* Delaunay.swift */ = {isa = PBXFileReference; fileEncoding = 4; lastKnownFileType = sourcecode.swift; path = Delaunay.swift; sourceTree = "<group>"; };
		24271A431B34F19F002B071E /* NSColor+Hex.swift */ = {isa = PBXFileReference; fileEncoding = 4; lastKnownFileType = sourcecode.swift; lineEnding = 0; path = "NSColor+Hex.swift"; sourceTree = "<group>"; xcLanguageSpecificationIdentifier = xcode.lang.swift; };
		24271A441B34F19F002B071E /* NSPoint+Calculations.swift */ = {isa = PBXFileReference; fileEncoding = 4; lastKnownFileType = sourcecode.swift; lineEnding = 0; path = "NSPoint+Calculations.swift"; sourceTree = "<group>"; xcLanguageSpecificationIdentifier = xcode.lang.swift; };
		245493C11B373E58008E5DA4 /* Palette.swift */ = {isa = PBXFileReference; fileEncoding = 4; lastKnownFileType = sourcecode.swift; lineEnding = 0; path = Palette.swift; sourceTree = "<group>"; xcLanguageSpecificationIdentifier = xcode.lang.swift; };
/* End PBXFileReference section */

/* Begin PBXFrameworksBuildPhase section */
		24271A141B34BC0A002B071E /* Frameworks */ = {
			isa = PBXFrameworksBuildPhase;
			buildActionMask = 2147483647;
			files = (
			);
			runOnlyForDeploymentPostprocessing = 0;
		};
/* End PBXFrameworksBuildPhase section */

/* Begin PBXGroup section */
		24271A0E1B34BC0A002B071E = {
			isa = PBXGroup;
			children = (
				24271A191B34BC0A002B071E /* Triangulator */,
				24271A181B34BC0A002B071E /* Products */,
			);
			sourceTree = "<group>";
		};
		24271A181B34BC0A002B071E /* Products */ = {
			isa = PBXGroup;
			children = (
				24271A171B34BC0A002B071E /* Triangulator.app */,
			);
			name = Products;
			sourceTree = "<group>";
		};
		24271A191B34BC0A002B071E /* Triangulator */ = {
			isa = PBXGroup;
			children = (
				24271A1C1B34BC0A002B071E /* AppDelegate.swift */,
				24271A411B34F19F002B071E /* Delaunay.swift */,
				24271A431B34F19F002B071E /* NSColor+Hex.swift */,
				24271A441B34F19F002B071E /* NSPoint+Calculations.swift */,
				24271A371B34BC58002B071E /* MainWindowController.swift */,
				245493C11B373E58008E5DA4 /* Palette.swift */,
				24271A3F1B34BEE8002B071E /* Pattern.swift */,
				24271A381B34BC58002B071E /* MainWindowController.xib */,
				24271A201B34BC0A002B071E /* MainMenu.xib */,
				24271A1E1B34BC0A002B071E /* Images.xcassets */,
				24271A1A1B34BC0A002B071E /* Supporting Files */,
			);
			path = Triangulator;
			sourceTree = "<group>";
		};
		24271A1A1B34BC0A002B071E /* Supporting Files */ = {
			isa = PBXGroup;
			children = (
				24271A1B1B34BC0A002B071E /* Info.plist */,
			);
			name = "Supporting Files";
			sourceTree = "<group>";
		};
/* End PBXGroup section */

/* Begin PBXNativeTarget section */
		24271A161B34BC0A002B071E /* Triangulator */ = {
			isa = PBXNativeTarget;
			buildConfigurationList = 24271A311B34BC0A002B071E /* Build configuration list for PBXNativeTarget "Triangulator" */;
			buildPhases = (
				24271A131B34BC0A002B071E /* Sources */,
				24271A141B34BC0A002B071E /* Frameworks */,
				24271A151B34BC0A002B071E /* Resources */,
			);
			buildRules = (
			);
			dependencies = (
			);
			name = Triangulator;
			productName = Triangulator;
			productReference = 24271A171B34BC0A002B071E /* Triangulator.app */;
			productType = "com.apple.product-type.application";
		};
/* End PBXNativeTarget section */

/* Begin PBXProject section */
		24271A0F1B34BC0A002B071E /* Project object */ = {
			isa = PBXProject;
			attributes = {
				LastSwiftMigration = 0700;
				LastSwiftUpdateCheck = 0700;
				LastUpgradeCheck = 0700;
				ORGANIZATIONNAME = "Łukasz Adamczak";
				TargetAttributes = {
					24271A161B34BC0A002B071E = {
						CreatedOnToolsVersion = 6.3.2;
					};
				};
			};
			buildConfigurationList = 24271A121B34BC0A002B071E /* Build configuration list for PBXProject "Triangulator" */;
			compatibilityVersion = "Xcode 3.2";
			developmentRegion = English;
			hasScannedForEncodings = 0;
			knownRegions = (
				en,
				Base,
			);
			mainGroup = 24271A0E1B34BC0A002B071E;
			productRefGroup = 24271A181B34BC0A002B071E /* Products */;
			projectDirPath = "";
			projectRoot = "";
			targets = (
				24271A161B34BC0A002B071E /* Triangulator */,
			);
		};
/* End PBXProject section */

/* Begin PBXResourcesBuildPhase section */
		24271A151B34BC0A002B071E /* Resources */ = {
			isa = PBXResourcesBuildPhase;
			buildActionMask = 2147483647;
			files = (
				24271A1F1B34BC0A002B071E /* Images.xcassets in Resources */,
				24271A3A1B34BC58002B071E /* MainWindowController.xib in Resources */,
				24271A221B34BC0A002B071E /* MainMenu.xib in Resources */,
			);
			runOnlyForDeploymentPostprocessing = 0;
		};
/* End PBXResourcesBuildPhase section */

/* Begin PBXSourcesBuildPhase section */
		24271A131B34BC0A002B071E /* Sources */ = {
			isa = PBXSourcesBuildPhase;
			buildActionMask = 2147483647;
			files = (
				24271A391B34BC58002B071E /* MainWindowController.swift in Sources */,
				24271A471B34F19F002B071E /* NSColor+Hex.swift in Sources */,
				24271A1D1B34BC0A002B071E /* AppDelegate.swift in Sources */,
				24271A401B34BEE8002B071E /* Pattern.swift in Sources */,
				24271A481B34F19F002B071E /* NSPoint+Calculations.swift in Sources */,
				24271A451B34F19F002B071E /* Delaunay.swift in Sources */,
				245493C21B373E58008E5DA4 /* Palette.swift in Sources */,
			);
			runOnlyForDeploymentPostprocessing = 0;
		};
/* End PBXSourcesBuildPhase section */

/* Begin PBXVariantGroup section */
		24271A201B34BC0A002B071E /* MainMenu.xib */ = {
			isa = PBXVariantGroup;
			children = (
				24271A211B34BC0A002B071E /* Base */,
			);
			name = MainMenu.xib;
			sourceTree = "<group>";
		};
/* End PBXVariantGroup section */

/* Begin XCBuildConfiguration section */
		24271A2F1B34BC0A002B071E /* Debug */ = {
			isa = XCBuildConfiguration;
			buildSettings = {
				ALWAYS_SEARCH_USER_PATHS = NO;
				CLANG_CXX_LANGUAGE_STANDARD = "gnu++0x";
				CLANG_CXX_LIBRARY = "libc++";
				CLANG_ENABLE_MODULES = YES;
				CLANG_ENABLE_OBJC_ARC = YES;
				CLANG_WARN_BOOL_CONVERSION = YES;
				CLANG_WARN_CONSTANT_CONVERSION = YES;
				CLANG_WARN_DIRECT_OBJC_ISA_USAGE = YES_ERROR;
				CLANG_WARN_EMPTY_BODY = YES;
				CLANG_WARN_ENUM_CONVERSION = YES;
				CLANG_WARN_INT_CONVERSION = YES;
				CLANG_WARN_OBJC_ROOT_CLASS = YES_ERROR;
				CLANG_WARN_UNREACHABLE_CODE = YES;
				CLANG_WARN__DUPLICATE_METHOD_MATCH = YES;
				CODE_SIGN_IDENTITY = "-";
				COPY_PHASE_STRIP = NO;
				DEBUG_INFORMATION_FORMAT = dwarf;
				ENABLE_STRICT_OBJC_MSGSEND = YES;
				ENABLE_TESTABILITY = YES;
				GCC_C_LANGUAGE_STANDARD = gnu99;
				GCC_DYNAMIC_NO_PIC = NO;
				GCC_NO_COMMON_BLOCKS = YES;
				GCC_OPTIMIZATION_LEVEL = 0;
				GCC_PREPROCESSOR_DEFINITIONS = (
					"DEBUG=1",
					"$(inherited)",
				);
				GCC_SYMBOLS_PRIVATE_EXTERN = NO;
				GCC_WARN_64_TO_32_BIT_CONVERSION = YES;
				GCC_WARN_ABOUT_RETURN_TYPE = YES_ERROR;
				GCC_WARN_UNDECLARED_SELECTOR = YES;
				GCC_WARN_UNINITIALIZED_AUTOS = YES_AGGRESSIVE;
				GCC_WARN_UNUSED_FUNCTION = YES;
				GCC_WARN_UNUSED_VARIABLE = YES;
				MACOSX_DEPLOYMENT_TARGET = 10.10;
				MTL_ENABLE_DEBUG_INFO = YES;
				ONLY_ACTIVE_ARCH = YES;
				SDKROOT = macosx;
				SWIFT_OPTIMIZATION_LEVEL = "-Onone";
			};
			name = Debug;
		};
		24271A301B34BC0A002B071E /* Release */ = {
			isa = XCBuildConfiguration;
			buildSettings = {
				ALWAYS_SEARCH_USER_PATHS = NO;
				CLANG_CXX_LANGUAGE_STANDARD = "gnu++0x";
				CLANG_CXX_LIBRARY = "libc++";
				CLANG_ENABLE_MODULES = YES;
				CLANG_ENABLE_OBJC_ARC = YES;
				CLANG_WARN_BOOL_CONVERSION = YES;
				CLANG_WARN_CONSTANT_CONVERSION = YES;
				CLANG_WARN_DIRECT_OBJC_ISA_USAGE = YES_ERROR;
				CLANG_WARN_EMPTY_BODY = YES;
				CLANG_WARN_ENUM_CONVERSION = YES;
				CLANG_WARN_INT_CONVERSION = YES;
				CLANG_WARN_OBJC_ROOT_CLASS = YES_ERROR;
				CLANG_WARN_UNREACHABLE_CODE = YES;
				CLANG_WARN__DUPLICATE_METHOD_MATCH = YES;
				CODE_SIGN_IDENTITY = "-";
				COPY_PHASE_STRIP = NO;
				DEBUG_INFORMATION_FORMAT = "dwarf-with-dsym";
				ENABLE_NS_ASSERTIONS = NO;
				ENABLE_STRICT_OBJC_MSGSEND = YES;
				GCC_C_LANGUAGE_STANDARD = gnu99;
				GCC_NO_COMMON_BLOCKS = YES;
				GCC_WARN_64_TO_32_BIT_CONVERSION = YES;
				GCC_WARN_ABOUT_RETURN_TYPE = YES_ERROR;
				GCC_WARN_UNDECLARED_SELECTOR = YES;
				GCC_WARN_UNINITIALIZED_AUTOS = YES_AGGRESSIVE;
				GCC_WARN_UNUSED_FUNCTION = YES;
				GCC_WARN_UNUSED_VARIABLE = YES;
				MACOSX_DEPLOYMENT_TARGET = 10.10;
				MTL_ENABLE_DEBUG_INFO = NO;
				SDKROOT = macosx;
			};
			name = Release;
		};
		24271A321B34BC0A002B071E /* Debug */ = {
			isa = XCBuildConfiguration;
			buildSettings = {
				ASSETCATALOG_COMPILER_APPICON_NAME = AppIcon;
				COMBINE_HIDPI_IMAGES = YES;
				INFOPLIST_FILE = Triangulator/Info.plist;
				LD_RUNPATH_SEARCH_PATHS = "$(inherited) @executable_path/../Frameworks";
				PRODUCT_BUNDLE_IDENTIFIER = pl.czak.triangulator;
				PRODUCT_NAME = Triangulator;
			};
			name = Debug;
		};
		24271A331B34BC0A002B071E /* Release */ = {
			isa = XCBuildConfiguration;
			buildSettings = {
				ASSETCATALOG_COMPILER_APPICON_NAME = AppIcon;
				COMBINE_HIDPI_IMAGES = YES;
				INFOPLIST_FILE = Triangulator/Info.plist;
				LD_RUNPATH_SEARCH_PATHS = "$(inherited) @executable_path/../Frameworks";
				PRODUCT_BUNDLE_IDENTIFIER = pl.czak.triangulator;
				PRODUCT_NAME = Triangulator;
			};
			name = Release;
		};
/* End XCBuildConfiguration section */

/* Begin XCConfigurationList section */
		24271A121B34BC0A002B071E /* Build configuration list for PBXProject "Triangulator" */ = {
			isa = XCConfigurationList;
			buildConfigurations = (
				24271A2F1B34BC0A002B071E /* Debug */,
				24271A301B34BC0A002B071E /* Release */,
			);
			defaultConfigurationIsVisible = 0;
			defaultConfigurationName = Release;
		};
		24271A311B34BC0A002B071E /* Build configuration list for PBXNativeTarget "Triangulator" */ = {
			isa = XCConfigurationList;
			buildConfigurations = (
				24271A321B34BC0A002B071E /* Debug */,
				24271A331B34BC0A002B071E /* Release */,
			);
			defaultConfigurationIsVisible = 0;
			defaultConfigurationName = Release;
		};
/* End XCConfigurationList section */
	};
	rootObject = 24271A0F1B34BC0A002B071E /* Project object */;
}
